
Microsoft Visual Studio Solution File, Format Version 12.00
# Visual Studio Version 17
VisualStudioVersion = 17.6.33815.320
MinimumVisualStudioVersion = 10.0.40219.1
Project("{FAE04EC0-301F-11D3-BF4B-00C04F79EFBC}") = "LessonDapper", "LessonDapper\LessonDapper.csproj", "{146F379E-2ED3-4087-9EBB-67AD2884FE47}"
EndProject
Global
	GlobalSection(SolutionConfigurationPlatforms) = preSolution
		Debug|Any CPU = Debug|Any CPU
		Release|Any CPU = Release|Any CPU
	EndGlobalSection
	GlobalSection(ProjectConfigurationPlatforms) = postSolution
		{146F379E-2ED3-4087-9EBB-67AD2884FE47}.Debug|Any CPU.ActiveCfg = Debug|Any CPU
		{146F379E-2ED3-4087-9EBB-67AD2884FE47}.Debug|Any CPU.Build.0 = Debug|Any CPU
		{146F379E-2ED3-4087-9EBB-67AD2884FE47}.Release|Any CPU.ActiveCfg = Release|Any CPU
		{146F379E-2ED3-4087-9EBB-67AD2884FE47}.Release|Any CPU.Build.0 = Release|Any CPU
	EndGlobalSection
	GlobalSection(SolutionProperties) = preSolution
		HideSolutionNode = FALSE
	EndGlobalSection
	GlobalSection(ExtensibilityGlobals) = postSolution
		SolutionGuid = {04188CEE-B954-4EC0-8F58-7D1EAA79064C}
	EndGlobalSection
EndGlobal
